
Microsoft Visual Studio Solution File, Format Version 12.00
# Visual Studio 2013
VisualStudioVersion = 12.0.31101.0
MinimumVisualStudioVersion = 10.0.40219.1
Project("{FAE04EC0-301F-11D3-BF4B-00C04F79EFBC}") = "PaquetesTuristicos", "PaquetesTuristicos\PaquetesTuristicos.csproj", "{9C5B146F-1F39-4FB7-A49E-E8AA98CC46B0}"
EndProject
Project("{FAE04EC0-301F-11D3-BF4B-00C04F79EFBC}") = "PaquetesTuristicos.Entities", "PaquetesTuristicos.Entities\PaquetesTuristicos.Entities.csproj", "{4BBDB254-2EFD-4E61-A349-1EAD1D4D06F3}"
EndProject
Global
	GlobalSection(SolutionConfigurationPlatforms) = preSolution
		Debug|Any CPU = Debug|Any CPU
		Release|Any CPU = Release|Any CPU
	EndGlobalSection
	GlobalSection(ProjectConfigurationPlatforms) = postSolution
		{9C5B146F-1F39-4FB7-A49E-E8AA98CC46B0}.Debug|Any CPU.ActiveCfg = Debug|Any CPU
		{9C5B146F-1F39-4FB7-A49E-E8AA98CC46B0}.Debug|Any CPU.Build.0 = Debug|Any CPU
		{9C5B146F-1F39-4FB7-A49E-E8AA98CC46B0}.Release|Any CPU.ActiveCfg = Release|Any CPU
		{9C5B146F-1F39-4FB7-A49E-E8AA98CC46B0}.Release|Any CPU.Build.0 = Release|Any CPU
		{4BBDB254-2EFD-4E61-A349-1EAD1D4D06F3}.Debug|Any CPU.ActiveCfg = Debug|Any CPU
		{4BBDB254-2EFD-4E61-A349-1EAD1D4D06F3}.Debug|Any CPU.Build.0 = Debug|Any CPU
		{4BBDB254-2EFD-4E61-A349-1EAD1D4D06F3}.Release|Any CPU.ActiveCfg = Release|Any CPU
		{4BBDB254-2EFD-4E61-A349-1EAD1D4D06F3}.Release|Any CPU.Build.0 = Release|Any CPU
	EndGlobalSection
	GlobalSection(SolutionProperties) = preSolution
		HideSolutionNode = FALSE
	EndGlobalSection
EndGlobal
